<?xml version="1.0" encoding="UTF-8"?>
<Project ToolsVersion="14.0" xmlns="http://schemas.microsoft.com/developer/msbuild/2003">
  <ItemGroup>
    <ClCompile Include="C:\Users\Playstation\Desktop\STP-master\src\STP\Core\Properties.cpp">
      <Filter>Source Files</Filter>
    </ClCompile>
    <ClCompile Include="C:\Users\Playstation\Desktop\STP-master\src\STP\Core\MapObject.cpp">
      <Filter>Source Files</Filter>
    </ClCompile>
    <ClCompile Include="C:\Users\Playstation\Desktop\STP-master\src\STP\Core\Parser.cpp">
      <Filter>Source Files</Filter>
    </ClCompile>
    <ClCompile Include="C:\Users\Playstation\Desktop\STP-master\src\STP\Core\Base64.cpp">
      <Filter>Source Files</Filter>
    </ClCompile>
    <ClCompile Include="C:\Users\Playstation\Desktop\STP-master\src\STP\Core\Layer.cpp">
      <Filter>Source Files</Filter>
    </ClCompile>
    <ClCompile Include="C:\Users\Playstation\Desktop\STP-master\src\STP\Core\ObjectGroup.cpp">
      <Filter>Source Files</Filter>
    </ClCompile>
    <ClCompile Include="C:\Users\Playstation\Desktop\STP-master\src\STP\Core\Image.cpp">
      <Filter>Source Files</Filter>
    </ClCompile>
    <ClCompile Include="C:\Users\Playstation\Desktop\STP-master\src\STP\Core\ImageLayer.cpp">
      <Filter>Source Files</Filter>
    </ClCompile>
    <ClCompile Include="C:\Users\Playstation\Desktop\STP-master\src\STP\Core\TileMap.cpp">
      <Filter>Source Files</Filter>
    </ClCompile>
    <ClCompile Include="C:\Users\Playstation\Desktop\STP-master\src\STP\Core\TileSet.cpp">
      <Filter>Source Files</Filter>
    </ClCompile>
  </ItemGroup>
  <ItemGroup>
    <ClInclude Include="C:\Users\Playstation\Desktop\STP-master\src\STP\Core\Parser.hpp">
      <Filter>Header Files</Filter>
    </ClInclude>
    <ClInclude Include="C:\Users\Playstation\Desktop\STP-master\src\STP\Core\Base64.hpp">
      <Filter>Header Files</Filter>
    </ClInclude>
    <ClInclude Include="C:\Users\Playstation\Desktop\STP-master\include\STP\Config.hpp">
      <Filter>Header Files</Filter>
    </ClInclude>
    <ClInclude Include="C:\Users\Playstation\Desktop\STP-master\include\STP\Core\Properties.hpp">
      <Filter>Header Files</Filter>
    </ClInclude>
    <ClInclude Include="C:\Users\Playstation\Desktop\STP-master\include\STP\Core\MapObject.hpp">
      <Filter>Header Files</Filter>
    </ClInclude>
    <ClInclude Include="C:\Users\Playstation\Desktop\STP-master\include\STP\Core\Layer.hpp">
      <Filter>Header Files</Filter>
    </ClInclude>
    <ClInclude Include="C:\Users\Playstation\Desktop\STP-master\include\STP\Core\ObjectGroup.hpp">
      <Filter>Header Files</Filter>
    </ClInclude>
    <ClInclude Include="C:\Users\Playstation\Desktop\STP-master\include\STP\Core\Image.hpp">
      <Filter>Header Files</Filter>
    </ClInclude>
    <ClInclude Include="C:\Users\Playstation\Desktop\STP-master\include\STP\Core\ImageLayer.hpp">
      <Filter>Header Files</Filter>
    </ClInclude>
    <ClInclude Include="C:\Users\Playstation\Desktop\STP-master\include\STP\Core\TileSet.hpp">
      <Filter>Header Files</Filter>
    </ClInclude>
    <ClInclude Include="C:\Users\Playstation\Desktop\STP-master\include\STP\Core\TileMap.hpp">
      <Filter>Header Files</Filter>
    </ClInclude>
    <ClInclude Include="C:\Users\Playstation\Desktop\STP-master\include\STP\TMXLoader.hpp">
      <Filter>Header Files</Filter>
    </ClInclude>
  </ItemGroup>
  <ItemGroup>
    <CustomBuild Include="C:\Users\Playstation\Desktop\STP-master\src\STP\CMakeLists.txt" />
  </ItemGroup>
  <ItemGroup>
    <Filter Include="Source Files">
      <UniqueIdentifier>{6F89746D-3514-3669-8D5B-16DCC6D14540}</UniqueIdentifier>
    </Filter>
    <Filter Include="Header Files">
      <UniqueIdentifier>{4C783E59-24A6-3D76-891A-9DC2E7CCBED7}</UniqueIdentifier>
    </Filter>
  </ItemGroup>
</Project>
