Microsoft Visual Studio Solution File, Format Version 12.00
# Visual Studio 14
Project("{2150E333-8FDC-42A3-9474-1A3956D46DE8}") = "CMake", "CMake", "{E504A43F-2E1D-3DA5-8860-F48928CADDE2}"
EndProject
Project("{2150E333-8FDC-42A3-9474-1A3956D46DE8}") = "Dependencies", "Dependencies", "{707C8445-A6BC-33B1-B06D-612AD364C234}"
EndProject
Project("{8BC9CEB8-8B4A-11D0-8D11-00A0C91BC942}") = "ALL_BUILD", "ALL_BUILD.vcxproj", "{A01BE151-245E-3D56-B9C0-CECC31BBD015}"
	ProjectSection(ProjectDependencies) = postProject
		{824E72B6-7F0B-34FD-94F9-FDD26B3EFCD3} = {824E72B6-7F0B-34FD-94F9-FDD26B3EFCD3}
		{BFAE9D03-D436-3389-BA22-C9F071E8B230} = {BFAE9D03-D436-3389-BA22-C9F071E8B230}
	EndProjectSection
EndProject
Project("{8BC9CEB8-8B4A-11D0-8D11-00A0C91BC942}") = "INSTALL", "INSTALL.vcxproj", "{777CD177-0072-3B97-8855-862BAA7A2AC5}"
	ProjectSection(ProjectDependencies) = postProject
		{A01BE151-245E-3D56-B9C0-CECC31BBD015} = {A01BE151-245E-3D56-B9C0-CECC31BBD015}
		{BFAE9D03-D436-3389-BA22-C9F071E8B230} = {BFAE9D03-D436-3389-BA22-C9F071E8B230}
	EndProjectSection
EndProject
Project("{8BC9CEB8-8B4A-11D0-8D11-00A0C91BC942}") = "STP", "src\STP\STP.vcxproj", "{824E72B6-7F0B-34FD-94F9-FDD26B3EFCD3}"
	ProjectSection(ProjectDependencies) = postProject
		{BFAE9D03-D436-3389-BA22-C9F071E8B230} = {BFAE9D03-D436-3389-BA22-C9F071E8B230}
		{043EB421-06C4-3925-BE4D-224C609AA99F} = {043EB421-06C4-3925-BE4D-224C609AA99F}
		{3EC22224-F621-3B1A-9078-45145BAE155B} = {3EC22224-F621-3B1A-9078-45145BAE155B}
	EndProjectSection
EndProject
Project("{8BC9CEB8-8B4A-11D0-8D11-00A0C91BC942}") = "ZERO_CHECK", "ZERO_CHECK.vcxproj", "{BFAE9D03-D436-3389-BA22-C9F071E8B230}"
	ProjectSection(ProjectDependencies) = postProject
	EndProjectSection
EndProject
Project("{8BC9CEB8-8B4A-11D0-8D11-00A0C91BC942}") = "pugixml", "obj\pugixml\pugixml.vcxproj", "{043EB421-06C4-3925-BE4D-224C609AA99F}"
	ProjectSection(ProjectDependencies) = postProject
		{BFAE9D03-D436-3389-BA22-C9F071E8B230} = {BFAE9D03-D436-3389-BA22-C9F071E8B230}
	EndProjectSection
EndProject
Project("{8BC9CEB8-8B4A-11D0-8D11-00A0C91BC942}") = "zlib", "obj\zlib\zlib.vcxproj", "{3EC22224-F621-3B1A-9078-45145BAE155B}"
	ProjectSection(ProjectDependencies) = postProject
		{BFAE9D03-D436-3389-BA22-C9F071E8B230} = {BFAE9D03-D436-3389-BA22-C9F071E8B230}
	EndProjectSection
EndProject
Global
	GlobalSection(SolutionConfigurationPlatforms) = preSolution
		Debug|Win32 = Debug|Win32
		Release|Win32 = Release|Win32
	EndGlobalSection
	GlobalSection(ProjectConfigurationPlatforms) = postSolution
		{A01BE151-245E-3D56-B9C0-CECC31BBD015}.Debug|Win32.ActiveCfg = Debug|Win32
		{A01BE151-245E-3D56-B9C0-CECC31BBD015}.Debug|Win32.Build.0 = Debug|Win32
		{A01BE151-245E-3D56-B9C0-CECC31BBD015}.Release|Win32.ActiveCfg = Release|Win32
		{A01BE151-245E-3D56-B9C0-CECC31BBD015}.Release|Win32.Build.0 = Release|Win32
		{777CD177-0072-3B97-8855-862BAA7A2AC5}.Debug|Win32.ActiveCfg = Debug|Win32
		{777CD177-0072-3B97-8855-862BAA7A2AC5}.Release|Win32.ActiveCfg = Release|Win32
		{824E72B6-7F0B-34FD-94F9-FDD26B3EFCD3}.Debug|Win32.ActiveCfg = Debug|Win32
		{824E72B6-7F0B-34FD-94F9-FDD26B3EFCD3}.Debug|Win32.Build.0 = Debug|Win32
		{824E72B6-7F0B-34FD-94F9-FDD26B3EFCD3}.Release|Win32.ActiveCfg = Release|Win32
		{824E72B6-7F0B-34FD-94F9-FDD26B3EFCD3}.Release|Win32.Build.0 = Release|Win32
		{BFAE9D03-D436-3389-BA22-C9F071E8B230}.Debug|Win32.ActiveCfg = Debug|Win32
		{BFAE9D03-D436-3389-BA22-C9F071E8B230}.Debug|Win32.Build.0 = Debug|Win32
		{BFAE9D03-D436-3389-BA22-C9F071E8B230}.Release|Win32.ActiveCfg = Release|Win32
		{BFAE9D03-D436-3389-BA22-C9F071E8B230}.Release|Win32.Build.0 = Release|Win32
		{043EB421-06C4-3925-BE4D-224C609AA99F}.Debug|Win32.ActiveCfg = Debug|Win32
		{043EB421-06C4-3925-BE4D-224C609AA99F}.Debug|Win32.Build.0 = Debug|Win32
		{043EB421-06C4-3925-BE4D-224C609AA99F}.Release|Win32.ActiveCfg = Release|Win32
		{043EB421-06C4-3925-BE4D-224C609AA99F}.Release|Win32.Build.0 = Release|Win32
		{3EC22224-F621-3B1A-9078-45145BAE155B}.Debug|Win32.ActiveCfg = Debug|Win32
		{3EC22224-F621-3B1A-9078-45145BAE155B}.Debug|Win32.Build.0 = Debug|Win32
		{3EC22224-F621-3B1A-9078-45145BAE155B}.Release|Win32.ActiveCfg = Release|Win32
		{3EC22224-F621-3B1A-9078-45145BAE155B}.Release|Win32.Build.0 = Release|Win32
	EndGlobalSection
	GlobalSection(NestedProjects) = preSolution
		{A01BE151-245E-3D56-B9C0-CECC31BBD015} = {E504A43F-2E1D-3DA5-8860-F48928CADDE2}
		{777CD177-0072-3B97-8855-862BAA7A2AC5} = {E504A43F-2E1D-3DA5-8860-F48928CADDE2}
		{BFAE9D03-D436-3389-BA22-C9F071E8B230} = {E504A43F-2E1D-3DA5-8860-F48928CADDE2}
		{043EB421-06C4-3925-BE4D-224C609AA99F} = {707C8445-A6BC-33B1-B06D-612AD364C234}
		{3EC22224-F621-3B1A-9078-45145BAE155B} = {707C8445-A6BC-33B1-B06D-612AD364C234}
	EndGlobalSection
	GlobalSection(ExtensibilityGlobals) = postSolution
		SolutionGuid = {DAFEC9C8-6003-3B29-9197-81971DCF29DE}
	EndGlobalSection
	GlobalSection(ExtensibilityAddIns) = postSolution
	EndGlobalSection
EndGlobal
